// !$*UTF8*$!
{
	archiveVersion = 1;
	classes = {
	};
	objectVersion = 50;
	objects = {

/* Begin PBXBuildFile section */
		501BE15120FA68F000A078F2 /* AppDelegate.m in Sources */ = {isa = PBXBuildFile; fileRef = 501BE15020FA68F000A078F2 /* AppDelegate.m */; };
		501BE15720FA68F000A078F2 /* Main.storyboard in Resources */ = {isa = PBXBuildFile; fileRef = 501BE15520FA68F000A078F2 /* Main.storyboard */; };
		501BE15A20FA68F000A078F2 /* VKClient.xcdatamodeld in Sources */ = {isa = PBXBuildFile; fileRef = 501BE15820FA68F000A078F2 /* VKClient.xcdatamodeld */; };
		501BE15C20FA68F100A078F2 /* Assets.xcassets in Resources */ = {isa = PBXBuildFile; fileRef = 501BE15B20FA68F100A078F2 /* Assets.xcassets */; };
		501BE15F20FA68F100A078F2 /* LaunchScreen.storyboard in Resources */ = {isa = PBXBuildFile; fileRef = 501BE15D20FA68F100A078F2 /* LaunchScreen.storyboard */; };
		501BE16220FA68F100A078F2 /* main.m in Sources */ = {isa = PBXBuildFile; fileRef = 501BE16120FA68F100A078F2 /* main.m */; };
		5048C37D20FC73600016D19F /* VKCNewsDataSource.m in Sources */ = {isa = PBXBuildFile; fileRef = 5048C37C20FC73600016D19F /* VKCNewsDataSource.m */; };
		5048C38320FC79740016D19F /* VKCNewsCell.m in Sources */ = {isa = PBXBuildFile; fileRef = 5048C38120FC79740016D19F /* VKCNewsCell.m */; };
		5048C38420FC79740016D19F /* VKCNewsCell.xib in Resources */ = {isa = PBXBuildFile; fileRef = 5048C38220FC79740016D19F /* VKCNewsCell.xib */; };
		50E16FF420FA7F5500330C27 /* VKCLoginVC.m in Sources */ = {isa = PBXBuildFile; fileRef = 50E16FF220FA7F5500330C27 /* VKCLoginVC.m */; };
		50E16FF520FA7F5500330C27 /* VKCLoginVC.xib in Resources */ = {isa = PBXBuildFile; fileRef = 50E16FF320FA7F5500330C27 /* VKCLoginVC.xib */; };
		50E16FFB20FA84E600330C27 /* VKCService.m in Sources */ = {isa = PBXBuildFile; fileRef = 50E16FFA20FA84E600330C27 /* VKCService.m */; };
		50E1700020FB4F7D00330C27 /* VKCNewsVC.m in Sources */ = {isa = PBXBuildFile; fileRef = 50E16FFE20FB4F7D00330C27 /* VKCNewsVC.m */; };
		50E1700120FB4F7D00330C27 /* VKCNewsVC.xib in Resources */ = {isa = PBXBuildFile; fileRef = 50E16FFF20FB4F7D00330C27 /* VKCNewsVC.xib */; };
		E089BC976E483CFF4B4467AC /* Pods_VKClient.framework in Frameworks */ = {isa = PBXBuildFile; fileRef = FE0677F12A4EA6C0BCEA115A /* Pods_VKClient.framework */; };
/* End PBXBuildFile section */

/* Begin PBXFileReference section */
		501BE14C20FA68F000A078F2 /* VKClient.app */ = {isa = PBXFileReference; explicitFileType = wrapper.application; includeInIndex = 0; path = VKClient.app; sourceTree = BUILT_PRODUCTS_DIR; };
		501BE14F20FA68F000A078F2 /* AppDelegate.h */ = {isa = PBXFileReference; lastKnownFileType = sourcecode.c.h; path = AppDelegate.h; sourceTree = "<group>"; };
		501BE15020FA68F000A078F2 /* AppDelegate.m */ = {isa = PBXFileReference; lastKnownFileType = sourcecode.c.objc; path = AppDelegate.m; sourceTree = "<group>"; };
		501BE15620FA68F000A078F2 /* Base */ = {isa = PBXFileReference; lastKnownFileType = file.storyboard; name = Base; path = Base.lproj/Main.storyboard; sourceTree = "<group>"; };
		501BE15920FA68F000A078F2 /* VKClient.xcdatamodel */ = {isa = PBXFileReference; lastKnownFileType = wrapper.xcdatamodel; path = VKClient.xcdatamodel; sourceTree = "<group>"; };
		501BE15B20FA68F100A078F2 /* Assets.xcassets */ = {isa = PBXFileReference; lastKnownFileType = folder.assetcatalog; path = Assets.xcassets; sourceTree = "<group>"; };
		501BE15E20FA68F100A078F2 /* Base */ = {isa = PBXFileReference; lastKnownFileType = file.storyboard; name = Base; path = Base.lproj/LaunchScreen.storyboard; sourceTree = "<group>"; };
		501BE16020FA68F100A078F2 /* Info.plist */ = {isa = PBXFileReference; lastKnownFileType = text.plist.xml; path = Info.plist; sourceTree = "<group>"; };
		501BE16120FA68F100A078F2 /* main.m */ = {isa = PBXFileReference; lastKnownFileType = sourcecode.c.objc; path = main.m; sourceTree = "<group>"; };
		5048C37B20FC73600016D19F /* VKCNewsDataSource.h */ = {isa = PBXFileReference; lastKnownFileType = sourcecode.c.h; path = VKCNewsDataSource.h; sourceTree = "<group>"; };
		5048C37C20FC73600016D19F /* VKCNewsDataSource.m */ = {isa = PBXFileReference; lastKnownFileType = sourcecode.c.objc; path = VKCNewsDataSource.m; sourceTree = "<group>"; };
		5048C38020FC79740016D19F /* VKCNewsCell.h */ = {isa = PBXFileReference; lastKnownFileType = sourcecode.c.h; path = VKCNewsCell.h; sourceTree = "<group>"; };
		5048C38120FC79740016D19F /* VKCNewsCell.m */ = {isa = PBXFileReference; lastKnownFileType = sourcecode.c.objc; path = VKCNewsCell.m; sourceTree = "<group>"; };
		5048C38220FC79740016D19F /* VKCNewsCell.xib */ = {isa = PBXFileReference; lastKnownFileType = file.xib; path = VKCNewsCell.xib; sourceTree = "<group>"; };
		50E16FF120FA7F5500330C27 /* VKCLoginVC.h */ = {isa = PBXFileReference; lastKnownFileType = sourcecode.c.h; path = VKCLoginVC.h; sourceTree = "<group>"; };
		50E16FF220FA7F5500330C27 /* VKCLoginVC.m */ = {isa = PBXFileReference; lastKnownFileType = sourcecode.c.objc; path = VKCLoginVC.m; sourceTree = "<group>"; };
		50E16FF320FA7F5500330C27 /* VKCLoginVC.xib */ = {isa = PBXFileReference; lastKnownFileType = file.xib; path = VKCLoginVC.xib; sourceTree = "<group>"; };
		50E16FF920FA84E600330C27 /* VKCService.h */ = {isa = PBXFileReference; lastKnownFileType = sourcecode.c.h; path = VKCService.h; sourceTree = "<group>"; };
		50E16FFA20FA84E600330C27 /* VKCService.m */ = {isa = PBXFileReference; lastKnownFileType = sourcecode.c.objc; path = VKCService.m; sourceTree = "<group>"; };
		50E16FFD20FB4F7D00330C27 /* VKCNewsVC.h */ = {isa = PBXFileReference; lastKnownFileType = sourcecode.c.h; path = VKCNewsVC.h; sourceTree = "<group>"; };
		50E16FFE20FB4F7D00330C27 /* VKCNewsVC.m */ = {isa = PBXFileReference; lastKnownFileType = sourcecode.c.objc; path = VKCNewsVC.m; sourceTree = "<group>"; };
		50E16FFF20FB4F7D00330C27 /* VKCNewsVC.xib */ = {isa = PBXFileReference; lastKnownFileType = file.xib; path = VKCNewsVC.xib; sourceTree = "<group>"; };
		998A07568CDCCA4E78304136 /* Pods-VKClient.release.xcconfig */ = {isa = PBXFileReference; includeInIndex = 1; lastKnownFileType = text.xcconfig; name = "Pods-VKClient.release.xcconfig"; path = "Pods/Target Support Files/Pods-VKClient/Pods-VKClient.release.xcconfig"; sourceTree = "<group>"; };
		F9E84EFA77732C0238FFAA95 /* Pods-VKClient.debug.xcconfig */ = {isa = PBXFileReference; includeInIndex = 1; lastKnownFileType = text.xcconfig; name = "Pods-VKClient.debug.xcconfig"; path = "Pods/Target Support Files/Pods-VKClient/Pods-VKClient.debug.xcconfig"; sourceTree = "<group>"; };
		FE0677F12A4EA6C0BCEA115A /* Pods_VKClient.framework */ = {isa = PBXFileReference; explicitFileType = wrapper.framework; includeInIndex = 0; path = Pods_VKClient.framework; sourceTree = BUILT_PRODUCTS_DIR; };
/* End PBXFileReference section */

/* Begin PBXFrameworksBuildPhase section */
		501BE14920FA68F000A078F2 /* Frameworks */ = {
			isa = PBXFrameworksBuildPhase;
			buildActionMask = 2147483647;
			files = (
				E089BC976E483CFF4B4467AC /* Pods_VKClient.framework in Frameworks */,
			);
			runOnlyForDeploymentPostprocessing = 0;
		};
/* End PBXFrameworksBuildPhase section */

/* Begin PBXGroup section */
		501BE14320FA68F000A078F2 = {
			isa = PBXGroup;
			children = (
				501BE14E20FA68F000A078F2 /* VKClient */,
				501BE14D20FA68F000A078F2 /* Products */,
				F6D824987E8E4E9E24F94682 /* Pods */,
				D0FD3D60A7A6854AAD02E32C /* Frameworks */,
			);
			sourceTree = "<group>";
		};
		501BE14D20FA68F000A078F2 /* Products */ = {
			isa = PBXGroup;
			children = (
				501BE14C20FA68F000A078F2 /* VKClient.app */,
			);
			name = Products;
			sourceTree = "<group>";
		};
		501BE14E20FA68F000A078F2 /* VKClient */ = {
			isa = PBXGroup;
			children = (
				50E16FF820FA848700330C27 /* Service */,
				50E16FF620FA842000330C27 /* ViewControllers */,
				501BE14F20FA68F000A078F2 /* AppDelegate.h */,
				501BE15020FA68F000A078F2 /* AppDelegate.m */,
				501BE15520FA68F000A078F2 /* Main.storyboard */,
				501BE15B20FA68F100A078F2 /* Assets.xcassets */,
				501BE15D20FA68F100A078F2 /* LaunchScreen.storyboard */,
				501BE16020FA68F100A078F2 /* Info.plist */,
				501BE16120FA68F100A078F2 /* main.m */,
				501BE15820FA68F000A078F2 /* VKClient.xcdatamodeld */,
			);
			path = VKClient;
			sourceTree = "<group>";
		};
		5048C37A20FC73150016D19F /* DataSource */ = {
			isa = PBXGroup;
			children = (
				5048C37B20FC73600016D19F /* VKCNewsDataSource.h */,
				5048C37C20FC73600016D19F /* VKCNewsDataSource.m */,
			);
			path = DataSource;
			sourceTree = "<group>";
		};
		5048C37E20FC77530016D19F /* View */ = {
			isa = PBXGroup;
			children = (
				5048C37F20FC775B0016D19F /* Cell */,
			);
			path = View;
			sourceTree = "<group>";
		};
		5048C37F20FC775B0016D19F /* Cell */ = {
			isa = PBXGroup;
			children = (
				5048C38020FC79740016D19F /* VKCNewsCell.h */,
				5048C38120FC79740016D19F /* VKCNewsCell.m */,
				5048C38220FC79740016D19F /* VKCNewsCell.xib */,
			);
			path = Cell;
			sourceTree = "<group>";
		};
		50E16FF620FA842000330C27 /* ViewControllers */ = {
			isa = PBXGroup;
			children = (
				50E16FFC20FB4F4A00330C27 /* NewsScreen */,
				50E16FF720FA843400330C27 /* LoginScreen */,
			);
			path = ViewControllers;
			sourceTree = "<group>";
		};
		50E16FF720FA843400330C27 /* LoginScreen */ = {
			isa = PBXGroup;
			children = (
				50E16FF120FA7F5500330C27 /* VKCLoginVC.h */,
				50E16FF220FA7F5500330C27 /* VKCLoginVC.m */,
				50E16FF320FA7F5500330C27 /* VKCLoginVC.xib */,
			);
			path = LoginScreen;
			sourceTree = "<group>";
		};
		50E16FF820FA848700330C27 /* Service */ = {
			isa = PBXGroup;
			children = (
				50E16FF920FA84E600330C27 /* VKCService.h */,
				50E16FFA20FA84E600330C27 /* VKCService.m */,
			);
			path = Service;
			sourceTree = "<group>";
		};
		50E16FFC20FB4F4A00330C27 /* NewsScreen */ = {
			isa = PBXGroup;
			children = (
				5048C37E20FC77530016D19F /* View */,
				5048C37A20FC73150016D19F /* DataSource */,
				50E16FFD20FB4F7D00330C27 /* VKCNewsVC.h */,
				50E16FFE20FB4F7D00330C27 /* VKCNewsVC.m */,
				50E16FFF20FB4F7D00330C27 /* VKCNewsVC.xib */,
			);
			path = NewsScreen;
			sourceTree = "<group>";
		};
		D0FD3D60A7A6854AAD02E32C /* Frameworks */ = {
			isa = PBXGroup;
			children = (
				FE0677F12A4EA6C0BCEA115A /* Pods_VKClient.framework */,
			);
			name = Frameworks;
			sourceTree = "<group>";
		};
		F6D824987E8E4E9E24F94682 /* Pods */ = {
			isa = PBXGroup;
			children = (
				F9E84EFA77732C0238FFAA95 /* Pods-VKClient.debug.xcconfig */,
				998A07568CDCCA4E78304136 /* Pods-VKClient.release.xcconfig */,
			);
			name = Pods;
			sourceTree = "<group>";
		};
/* End PBXGroup section */

/* Begin PBXNativeTarget section */
		501BE14B20FA68F000A078F2 /* VKClient */ = {
			isa = PBXNativeTarget;
			buildConfigurationList = 501BE16520FA68F100A078F2 /* Build configuration list for PBXNativeTarget "VKClient" */;
			buildPhases = (
				9FD52A0DA1591763F3CE7631 /* [CP] Check Pods Manifest.lock */,
				501BE14820FA68F000A078F2 /* Sources */,
				501BE14920FA68F000A078F2 /* Frameworks */,
				501BE14A20FA68F000A078F2 /* Resources */,
				83ED9D535D8359AE88D2A76D /* [CP] Embed Pods Frameworks */,
			);
			buildRules = (
			);
			dependencies = (
			);
			name = VKClient;
			productName = VKClient;
			productReference = 501BE14C20FA68F000A078F2 /* VKClient.app */;
			productType = "com.apple.product-type.application";
		};
/* End PBXNativeTarget section */

/* Begin PBXProject section */
		501BE14420FA68F000A078F2 /* Project object */ = {
			isa = PBXProject;
			attributes = {
				LastUpgradeCheck = 0930;
				ORGANIZATIONNAME = KudinaAG;
				TargetAttributes = {
					501BE14B20FA68F000A078F2 = {
						CreatedOnToolsVersion = 9.3;
					};
				};
			};
			buildConfigurationList = 501BE14720FA68F000A078F2 /* Build configuration list for PBXProject "VKClient" */;
			compatibilityVersion = "Xcode 9.3";
			developmentRegion = en;
			hasScannedForEncodings = 0;
			knownRegions = (
				en,
				Base,
			);
			mainGroup = 501BE14320FA68F000A078F2;
			productRefGroup = 501BE14D20FA68F000A078F2 /* Products */;
			projectDirPath = "";
			projectRoot = "";
			targets = (
				501BE14B20FA68F000A078F2 /* VKClient */,
			);
		};
/* End PBXProject section */

/* Begin PBXResourcesBuildPhase section */
		501BE14A20FA68F000A078F2 /* Resources */ = {
			isa = PBXResourcesBuildPhase;
			buildActionMask = 2147483647;
			files = (
				5048C38420FC79740016D19F /* VKCNewsCell.xib in Resources */,
				501BE15F20FA68F100A078F2 /* LaunchScreen.storyboard in Resources */,
				501BE15C20FA68F100A078F2 /* Assets.xcassets in Resources */,
				501BE15720FA68F000A078F2 /* Main.storyboard in Resources */,
				50E16FF520FA7F5500330C27 /* VKCLoginVC.xib in Resources */,
				50E1700120FB4F7D00330C27 /* VKCNewsVC.xib in Resources */,
			);
			runOnlyForDeploymentPostprocessing = 0;
		};
/* End PBXResourcesBuildPhase section */

/* Begin PBXShellScriptBuildPhase section */
		83ED9D535D8359AE88D2A76D /* [CP] Embed Pods Frameworks */ = {
			isa = PBXShellScriptBuildPhase;
			buildActionMask = 2147483647;
			files = (
			);
			inputPaths = (
				"${SRCROOT}/Pods/Target Support Files/Pods-VKClient/Pods-VKClient-frameworks.sh",
				"${BUILT_PRODUCTS_DIR}/VK-ios-sdk/VK_ios_sdk.framework",
			);
			name = "[CP] Embed Pods Frameworks";
			outputPaths = (
				"${TARGET_BUILD_DIR}/${FRAMEWORKS_FOLDER_PATH}/VK_ios_sdk.framework",
			);
			runOnlyForDeploymentPostprocessing = 0;
			shellPath = /bin/sh;
			shellScript = "\"${SRCROOT}/Pods/Target Support Files/Pods-VKClient/Pods-VKClient-frameworks.sh\"\n";
			showEnvVarsInLog = 0;
		};
		9FD52A0DA1591763F3CE7631 /* [CP] Check Pods Manifest.lock */ = {
			isa = PBXShellScriptBuildPhase;
			buildActionMask = 2147483647;
			files = (
			);
			inputPaths = (
				"${PODS_PODFILE_DIR_PATH}/Podfile.lock",
				"${PODS_ROOT}/Manifest.lock",
			);
			name = "[CP] Check Pods Manifest.lock";
			outputPaths = (
				"$(DERIVED_FILE_DIR)/Pods-VKClient-checkManifestLockResult.txt",
			);
			runOnlyForDeploymentPostprocessing = 0;
			shellPath = /bin/sh;
			shellScript = "diff \"${PODS_PODFILE_DIR_PATH}/Podfile.lock\" \"${PODS_ROOT}/Manifest.lock\" > /dev/null\nif [ $? != 0 ] ; then\n    # print error to STDERR\n    echo \"error: The sandbox is not in sync with the Podfile.lock. Run 'pod install' or update your CocoaPods installation.\" >&2\n    exit 1\nfi\n# This output is used by Xcode 'outputs' to avoid re-running this script phase.\necho \"SUCCESS\" > \"${SCRIPT_OUTPUT_FILE_0}\"\n";
			showEnvVarsInLog = 0;
		};
/* End PBXShellScriptBuildPhase section */

/* Begin PBXSourcesBuildPhase section */
		501BE14820FA68F000A078F2 /* Sources */ = {
			isa = PBXSourcesBuildPhase;
			buildActionMask = 2147483647;
			files = (
				5048C38320FC79740016D19F /* VKCNewsCell.m in Sources */,
				501BE15A20FA68F000A078F2 /* VKClient.xcdatamodeld in Sources */,
				5048C37D20FC73600016D19F /* VKCNewsDataSource.m in Sources */,
				501BE16220FA68F100A078F2 /* main.m in Sources */,
				50E1700020FB4F7D00330C27 /* VKCNewsVC.m in Sources */,
				50E16FFB20FA84E600330C27 /* VKCService.m in Sources */,
				501BE15120FA68F000A078F2 /* AppDelegate.m in Sources */,
				50E16FF420FA7F5500330C27 /* VKCLoginVC.m in Sources */,
			);
			runOnlyForDeploymentPostprocessing = 0;
		};
/* End PBXSourcesBuildPhase section */

/* Begin PBXVariantGroup section */
		501BE15520FA68F000A078F2 /* Main.storyboard */ = {
			isa = PBXVariantGroup;
			children = (
				501BE15620FA68F000A078F2 /* Base */,
			);
			name = Main.storyboard;
			sourceTree = "<group>";
		};
		501BE15D20FA68F100A078F2 /* LaunchScreen.storyboard */ = {
			isa = PBXVariantGroup;
			children = (
				501BE15E20FA68F100A078F2 /* Base */,
			);
			name = LaunchScreen.storyboard;
			sourceTree = "<group>";
		};
/* End PBXVariantGroup section */

/* Begin XCBuildConfiguration section */
		501BE16320FA68F100A078F2 /* Debug */ = {
			isa = XCBuildConfiguration;
			buildSettings = {
				ALWAYS_SEARCH_USER_PATHS = NO;
				CLANG_ANALYZER_NONNULL = YES;
				CLANG_ANALYZER_NUMBER_OBJECT_CONVERSION = YES_AGGRESSIVE;
				CLANG_CXX_LANGUAGE_STANDARD = "gnu++14";
				CLANG_CXX_LIBRARY = "libc++";
				CLANG_ENABLE_MODULES = YES;
				CLANG_ENABLE_OBJC_ARC = YES;
				CLANG_ENABLE_OBJC_WEAK = YES;
				CLANG_WARN_BLOCK_CAPTURE_AUTORELEASING = YES;
				CLANG_WARN_BOOL_CONVERSION = YES;
				CLANG_WARN_COMMA = YES;
				CLANG_WARN_CONSTANT_CONVERSION = YES;
				CLANG_WARN_DEPRECATED_OBJC_IMPLEMENTATIONS = YES;
				CLANG_WARN_DIRECT_OBJC_ISA_USAGE = YES_ERROR;
				CLANG_WARN_DOCUMENTATION_COMMENTS = YES;
				CLANG_WARN_EMPTY_BODY = YES;
				CLANG_WARN_ENUM_CONVERSION = YES;
				CLANG_WARN_INFINITE_RECURSION = YES;
				CLANG_WARN_INT_CONVERSION = YES;
				CLANG_WARN_NON_LITERAL_NULL_CONVERSION = YES;
				CLANG_WARN_OBJC_IMPLICIT_RETAIN_SELF = YES;
				CLANG_WARN_OBJC_LITERAL_CONVERSION = YES;
				CLANG_WARN_OBJC_ROOT_CLASS = YES_ERROR;
				CLANG_WARN_RANGE_LOOP_ANALYSIS = YES;
				CLANG_WARN_STRICT_PROTOTYPES = YES;
				CLANG_WARN_SUSPICIOUS_MOVE = YES;
				CLANG_WARN_UNGUARDED_AVAILABILITY = YES_AGGRESSIVE;
				CLANG_WARN_UNREACHABLE_CODE = YES;
				CLANG_WARN__DUPLICATE_METHOD_MATCH = YES;
				CODE_SIGN_IDENTITY = "iPhone Developer";
				COPY_PHASE_STRIP = NO;
				DEBUG_INFORMATION_FORMAT = dwarf;
				ENABLE_STRICT_OBJC_MSGSEND = YES;
				ENABLE_TESTABILITY = YES;
				GCC_C_LANGUAGE_STANDARD = gnu11;
				GCC_DYNAMIC_NO_PIC = NO;
				GCC_NO_COMMON_BLOCKS = YES;
				GCC_OPTIMIZATION_LEVEL = 0;
				GCC_PREPROCESSOR_DEFINITIONS = (
					"DEBUG=1",
					"$(inherited)",
				);
				GCC_WARN_64_TO_32_BIT_CONVERSION = YES;
				GCC_WARN_ABOUT_RETURN_TYPE = YES_ERROR;
				GCC_WARN_UNDECLARED_SELECTOR = YES;
				GCC_WARN_UNINITIALIZED_AUTOS = YES_AGGRESSIVE;
				GCC_WARN_UNUSED_FUNCTION = YES;
				GCC_WARN_UNUSED_VARIABLE = YES;
				IPHONEOS_DEPLOYMENT_TARGET = 11.3;
				MTL_ENABLE_DEBUG_INFO = YES;
				ONLY_ACTIVE_ARCH = YES;
				SDKROOT = iphoneos;
			};
			name = Debug;
		};
		501BE16420FA68F100A078F2 /* Release */ = {
			isa = XCBuildConfiguration;
			buildSettings = {
				ALWAYS_SEARCH_USER_PATHS = NO;
				CLANG_ANALYZER_NONNULL = YES;
				CLANG_ANALYZER_NUMBER_OBJECT_CONVERSION = YES_AGGRESSIVE;
				CLANG_CXX_LANGUAGE_STANDARD = "gnu++14";
				CLANG_CXX_LIBRARY = "libc++";
				CLANG_ENABLE_MODULES = YES;
				CLANG_ENABLE_OBJC_ARC = YES;
				CLANG_ENABLE_OBJC_WEAK = YES;
				CLANG_WARN_BLOCK_CAPTURE_AUTORELEASING = YES;
				CLANG_WARN_BOOL_CONVERSION = YES;
				CLANG_WARN_COMMA = YES;
				CLANG_WARN_CONSTANT_CONVERSION = YES;
				CLANG_WARN_DEPRECATED_OBJC_IMPLEMENTATIONS = YES;
				CLANG_WARN_DIRECT_OBJC_ISA_USAGE = YES_ERROR;
				CLANG_WARN_DOCUMENTATION_COMMENTS = YES;
				CLANG_WARN_EMPTY_BODY = YES;
				CLANG_WARN_ENUM_CONVERSION = YES;
				CLANG_WARN_INFINITE_RECURSION = YES;
				CLANG_WARN_INT_CONVERSION = YES;
				CLANG_WARN_NON_LITERAL_NULL_CONVERSION = YES;
				CLANG_WARN_OBJC_IMPLICIT_RETAIN_SELF = YES;
				CLANG_WARN_OBJC_LITERAL_CONVERSION = YES;
				CLANG_WARN_OBJC_ROOT_CLASS = YES_ERROR;
				CLANG_WARN_RANGE_LOOP_ANALYSIS = YES;
				CLANG_WARN_STRICT_PROTOTYPES = YES;
				CLANG_WARN_SUSPICIOUS_MOVE = YES;
				CLANG_WARN_UNGUARDED_AVAILABILITY = YES_AGGRESSIVE;
				CLANG_WARN_UNREACHABLE_CODE = YES;
				CLANG_WARN__DUPLICATE_METHOD_MATCH = YES;
				CODE_SIGN_IDENTITY = "iPhone Developer";
				COPY_PHASE_STRIP = NO;
				DEBUG_INFORMATION_FORMAT = "dwarf-with-dsym";
				ENABLE_NS_ASSERTIONS = NO;
				ENABLE_STRICT_OBJC_MSGSEND = YES;
				GCC_C_LANGUAGE_STANDARD = gnu11;
				GCC_NO_COMMON_BLOCKS = YES;
				GCC_WARN_64_TO_32_BIT_CONVERSION = YES;
				GCC_WARN_ABOUT_RETURN_TYPE = YES_ERROR;
				GCC_WARN_UNDECLARED_SELECTOR = YES;
				GCC_WARN_UNINITIALIZED_AUTOS = YES_AGGRESSIVE;
				GCC_WARN_UNUSED_FUNCTION = YES;
				GCC_WARN_UNUSED_VARIABLE = YES;
				IPHONEOS_DEPLOYMENT_TARGET = 11.3;
				MTL_ENABLE_DEBUG_INFO = NO;
				SDKROOT = iphoneos;
				VALIDATE_PRODUCT = YES;
			};
			name = Release;
		};
		501BE16620FA68F100A078F2 /* Debug */ = {
			isa = XCBuildConfiguration;
			baseConfigurationReference = F9E84EFA77732C0238FFAA95 /* Pods-VKClient.debug.xcconfig */;
			buildSettings = {
				ASSETCATALOG_COMPILER_APPICON_NAME = AppIcon;
				CODE_SIGN_STYLE = Automatic;
				DEVELOPMENT_TEAM = YB636L2Y6M;
				INFOPLIST_FILE = VKClient/Info.plist;
				IPHONEOS_DEPLOYMENT_TARGET = 9.0;
				LD_RUNPATH_SEARCH_PATHS = (
					"$(inherited)",
					"@executable_path/Frameworks",
				);
				PRODUCT_BUNDLE_IDENTIFIER = ru.KudinaAG.VKClient;
				PRODUCT_NAME = "$(TARGET_NAME)";
				TARGETED_DEVICE_FAMILY = "1,2";
			};
			name = Debug;
		};
		501BE16720FA68F100A078F2 /* Release */ = {
			isa = XCBuildConfiguration;
			baseConfigurationReference = 998A07568CDCCA4E78304136 /* Pods-VKClient.release.xcconfig */;
			buildSettings = {
				ASSETCATALOG_COMPILER_APPICON_NAME = AppIcon;
				CODE_SIGN_STYLE = Automatic;
				DEVELOPMENT_TEAM = YB636L2Y6M;
				INFOPLIST_FILE = VKClient/Info.plist;
				IPHONEOS_DEPLOYMENT_TARGET = 9.0;
				LD_RUNPATH_SEARCH_PATHS = (
					"$(inherited)",
					"@executable_path/Frameworks",
				);
				PRODUCT_BUNDLE_IDENTIFIER = ru.KudinaAG.VKClient;
				PRODUCT_NAME = "$(TARGET_NAME)";
				TARGETED_DEVICE_FAMILY = "1,2";
			};
			name = Release;
		};
/* End XCBuildConfiguration section */

/* Begin XCConfigurationList section */
		501BE14720FA68F000A078F2 /* Build configuration list for PBXProject "VKClient" */ = {
			isa = XCConfigurationList;
			buildConfigurations = (
				501BE16320FA68F100A078F2 /* Debug */,
				501BE16420FA68F100A078F2 /* Release */,
			);
			defaultConfigurationIsVisible = 0;
			defaultConfigurationName = Release;
		};
		501BE16520FA68F100A078F2 /* Build configuration list for PBXNativeTarget "VKClient" */ = {
			isa = XCConfigurationList;
			buildConfigurations = (
				501BE16620FA68F100A078F2 /* Debug */,
				501BE16720FA68F100A078F2 /* Release */,
			);
			defaultConfigurationIsVisible = 0;
			defaultConfigurationName = Release;
		};
/* End XCConfigurationList section */

/* Begin XCVersionGroup section */
		501BE15820FA68F000A078F2 /* VKClient.xcdatamodeld */ = {
			isa = XCVersionGroup;
			children = (
				501BE15920FA68F000A078F2 /* VKClient.xcdatamodel */,
			);
			currentVersion = 501BE15920FA68F000A078F2 /* VKClient.xcdatamodel */;
			path = VKClient.xcdatamodeld;
			sourceTree = "<group>";
			versionGroupType = wrapper.xcdatamodel;
		};
/* End XCVersionGroup section */
	};
	rootObject = 501BE14420FA68F000A078F2 /* Project object */;
}
